Microsoft Visual Studio Solution File, Format Version 12.00
# Visual Studio 15
VisualStudioVersion = 15.0.26730.15
MinimumVisualStudioVersion = 10.0.40219.1
Project("{FAE04EC0-301F-11D3-BF4B-00C04F79EFBC}") = "OpenCL.NET", "OpenCL.NET\OpenCL.NET.csproj", "{FAAF7CDF-7B4D-4CF1-AA9B-5F0CC8589419}"
EndProject
Project("{2150E333-8FDC-42A3-9474-1A3956D46DE8}") = "Solution Items", "Solution Items", "{429FD7E3-3D86-4F96-85B1-BDB8A598EEA5}"
	ProjectSection(SolutionItems) = preProject
		LICENSE = LICENSE
		README.md = README.md
	EndProjectSection
EndProject
Global
	GlobalSection(SubversionScc) = preSolution
		Svn-Managed = True
		Manager = AnkhSVN - Subversion Support for Visual Studio
	EndGlobalSection
	GlobalSection(SolutionConfigurationPlatforms) = preSolution
		Debug|Any CPU = Debug|Any CPU
		Release|Any CPU = Release|Any CPU
	EndGlobalSection
	GlobalSection(ProjectConfigurationPlatforms) = postSolution
		{FAAF7CDF-7B4D-4CF1-AA9B-5F0CC8589419}.Debug|Any CPU.ActiveCfg = Debug|Any CPU
		{FAAF7CDF-7B4D-4CF1-AA9B-5F0CC8589419}.Debug|Any CPU.Build.0 = Debug|Any CPU
		{FAAF7CDF-7B4D-4CF1-AA9B-5F0CC8589419}.Release|Any CPU.ActiveCfg = Release|Any CPU
		{FAAF7CDF-7B4D-4CF1-AA9B-5F0CC8589419}.Release|Any CPU.Build.0 = Release|Any CPU
	EndGlobalSection
	GlobalSection(SolutionProperties) = preSolution
		HideSolutionNode = FALSE
	EndGlobalSection
	GlobalSection(ExtensibilityGlobals) = postSolution
		SolutionGuid = {2D3C05F0-9BCF-4902-9C35-B411BB600E2B}
	EndGlobalSection
EndGlobal
